
Microsoft Visual Studio Solution File, Format Version 12.00
# Visual Studio Version 16
VisualStudioVersion = 16.0.29519.181
MinimumVisualStudioVersion = 10.0.40219.1
Project("{FAE04EC0-301F-11D3-BF4B-00C04F79EFBC}") = "SlotMachine", "SlotMachine\SlotMachine.csproj", "{66C97BDB-49C3-4546-A8CF-4165CEE3AA05}"
EndProject
Global
	GlobalSection(SolutionConfigurationPlatforms) = preSolution
		Debug|Any CPU = Debug|Any CPU
		Release|Any CPU = Release|Any CPU
	EndGlobalSection
	GlobalSection(ProjectConfigurationPlatforms) = postSolution
		{66C97BDB-49C3-4546-A8CF-4165CEE3AA05}.Debug|Any CPU.ActiveCfg = Debug|Any CPU
		{66C97BDB-49C3-4546-A8CF-4165CEE3AA05}.Debug|Any CPU.Build.0 = Debug|Any CPU
		{66C97BDB-49C3-4546-A8CF-4165CEE3AA05}.Release|Any CPU.ActiveCfg = Release|Any CPU
		{66C97BDB-49C3-4546-A8CF-4165CEE3AA05}.Release|Any CPU.Build.0 = Release|Any CPU
	EndGlobalSection
	GlobalSection(SolutionProperties) = preSolution
		HideSolutionNode = FALSE
	EndGlobalSection
	GlobalSection(ExtensibilityGlobals) = postSolution
		SolutionGuid = {E181F5CA-CC3E-45C0-BB34-5E855EDE21EF}
	EndGlobalSection
EndGlobal
